// !$*UTF8*$!
{
	archiveVersion = 1;
	classes = {
	};
	objectVersion = 54;
	objects = {

/* Begin PBXBuildFile section */
		0DDBAEBA2E499E8E00074FFE /* CpuParticle.swift in Sources */ = {isa = PBXBuildFile; fileRef = 0DDBAEA42E499E1600074FFE /* CpuParticle.swift */; };
		0DDBAEBB2E499E8E00074FFE /* ExportController.swift in Sources */ = {isa = PBXBuildFile; fileRef = 0DDBAEA52E499E1600074FFE /* ExportController.swift */; };
		0DDBAEBC2E499E8E00074FFE /* Helpers.swift in Sources */ = {isa = PBXBuildFile; fileRef = 0DDBAEA62E499E1600074FFE /* Helpers.swift */; };
		0DDBAEBD2E499E8E00074FFE /* MainController.swift in Sources */ = {isa = PBXBuildFile; fileRef = 0DDBAEA72E499E1600074FFE /* MainController.swift */; };
		0DDBAEBE2E499E8E00074FFE /* MetalBuffer.swift in Sources */ = {isa = PBXBuildFile; fileRef = 0DDBAEA82E499E1600074FFE /* MetalBuffer.swift */; };
		0DDBAEBF2E499E8E00074FFE /* PLYFile.swift in Sources */ = {isa = PBXBuildFile; fileRef = 0DDBAEA92E499E1600074FFE /* PLYFile.swift */; };
		0DDBAEC02E499E8E00074FFE /* Renderer.swift in Sources */ = {isa = PBXBuildFile; fileRef = 0DDBAEAA2E499E1600074FFE /* Renderer.swift */; };
		0DDBAEC12E499E8E00074FFE /* SaveController.swift in Sources */ = {isa = PBXBuildFile; fileRef = 0DDBAEAB2E499E1600074FFE /* SaveController.swift */; };
		0DDBAEC22E499E8E00074FFE /* Shaders.metal in Sources */ = {isa = PBXBuildFile; fileRef = 0DDBAEAC2E499E1600074FFE /* Shaders.metal */; };
		0DDBAEC32E499E8E00074FFE /* ShaderTypes.h in Sources */ = {isa = PBXBuildFile; fileRef = 0DDBAEAD2E499E1600074FFE /* ShaderTypes.h */; };
		0DDBAEC42E499E8E00074FFE /* XError.swift in Sources */ = {isa = PBXBuildFile; fileRef = 0DDBAEAE2E499E1600074FFE /* XError.swift */; };
		0DDBAEC52E499E8E00074FFE /* AppDelegate.swift in Sources */ = {isa = PBXBuildFile; fileRef = 0DDBAEB02E499E1600074FFE /* AppDelegate.swift */; };
		0DDBAEC62E499E8E00074FFE /* OptionSelectionController.swift in Sources */ = {isa = PBXBuildFile; fileRef = 0DDBAEB72E499E1600074FFE /* OptionSelectionController.swift */; };
		0DDBAEC72E499E9900074FFE /* LaunchScreen.storyboard in Resources */ = {isa = PBXBuildFile; fileRef = 0DDBAEB42E499E1600074FFE /* LaunchScreen.storyboard */; };
		0DDBAEC82E499E9900074FFE /* Main.storyboard in Resources */ = {isa = PBXBuildFile; fileRef = 0DDBAEB62E499E1600074FFE /* Main.storyboard */; };
		0DDBAEC92E49A37500074FFE /* MVSController.swift in Sources */ = {isa = PBXBuildFile; fileRef = 0DDBAE882E499E1600074FFE /* MVSController.swift */; };
		0DDBAECA2E49A39000074FFE /* DepthAnythingV2SmallF16.mlpackage in Sources */ = {isa = PBXBuildFile; fileRef = 0DDBAE842E499E1600074FFE /* DepthAnythingV2SmallF16.mlpackage */; };
		0DDBAECB2E49A39900074FFE /* MVSParticle.swift in Sources */ = {isa = PBXBuildFile; fileRef = 0DDBAE8C2E499E1600074FFE /* MVSParticle.swift */; };
		0DDBAECD2E49A39900074FFE /* MVSShaders.metal in Sources */ = {isa = PBXBuildFile; fileRef = 0DDBAE8E2E499E1600074FFE /* MVSShaders.metal */; };
		0DDBAECF2E49A39900074FFE /* MVSRenderer.swift in Sources */ = {isa = PBXBuildFile; fileRef = 0DDBAE8D2E499E1600074FFE /* MVSRenderer.swift */; };
		0DDBAED02E49A39900074FFE /* MVSError.swift in Sources */ = {isa = PBXBuildFile; fileRef = 0DDBAE8A2E499E1600074FFE /* MVSError.swift */; };
		0DDBAED12E49A39900074FFE /* DepthAnythingProcessor.swift in Sources */ = {isa = PBXBuildFile; fileRef = 0DDBAE872E499E1600074FFE /* DepthAnythingProcessor.swift */; };
		0DDBAED22E49AB9300074FFE /* MVSCpuParticle.swift in Sources */ = {isa = PBXBuildFile; fileRef = 0DDBAE892E499E1600074FFE /* MVSCpuParticle.swift */; };
		0DDBAED42E49AE3500074FFE /* MVSCompat.swift in Sources */ = {isa = PBXBuildFile; fileRef = 0DDBAED32E49AE2C00074FFE /* MVSCompat.swift */; };
		0DDBAED62E49C75800074FFE /* MVSRenderDestinationProvider.swift in Sources */ = {isa = PBXBuildFile; fileRef = 0DDBAED52E49C75100074FFE /* MVSRenderDestinationProvider.swift */; };
/* End PBXBuildFile section */

/* Begin PBXFileReference section */
		0D58E5682E47CE9B007974B4 /* feature_detector.cpython-312.pyc */ = {isa = PBXFileReference; lastKnownFileType = file; path = "feature_detector.cpython-312.pyc"; sourceTree = "<group>"; };
		0D58E5692E47CE9B007974B4 /* guided_mvs.cpython-312.pyc */ = {isa = PBXFileReference; lastKnownFileType = file; path = "guided_mvs.cpython-312.pyc"; sourceTree = "<group>"; };
		0D58E56A2E47CE9B007974B4 /* matcher.cpython-312.pyc */ = {isa = PBXFileReference; lastKnownFileType = file; path = "matcher.cpython-312.pyc"; sourceTree = "<group>"; };
		0D58E56B2E47CE9B007974B4 /* mini_ba.cpython-312.pyc */ = {isa = PBXFileReference; lastKnownFileType = file; path = "mini_ba.cpython-312.pyc"; sourceTree = "<group>"; };
		0D58E56C2E47CE9B007974B4 /* pose_initializer.cpython-312.pyc */ = {isa = PBXFileReference; lastKnownFileType = file; path = "pose_initializer.cpython-312.pyc"; sourceTree = "<group>"; };
		0D58E56D2E47CE9B007974B4 /* ransac.cpython-312.pyc */ = {isa = PBXFileReference; lastKnownFileType = file; path = "ransac.cpython-312.pyc"; sourceTree = "<group>"; };
		0D58E56E2E47CE9B007974B4 /* triangulator.cpython-312.pyc */ = {isa = PBXFileReference; lastKnownFileType = file; path = "triangulator.cpython-312.pyc"; sourceTree = "<group>"; };
		0D58E5702E47CE9B007974B4 /* cuda_utils.cuh */ = {isa = PBXFileReference; lastKnownFileType = text; path = cuda_utils.cuh; sourceTree = "<group>"; };
		0D58E5712E47CE9B007974B4 /* feature_detector.py */ = {isa = PBXFileReference; lastKnownFileType = text.script.python; path = feature_detector.py; sourceTree = "<group>"; };
		0D58E5722E47CE9B007974B4 /* guided_mvs.cu */ = {isa = PBXFileReference; lastKnownFileType = text; path = guided_mvs.cu; sourceTree = "<group>"; };
		0D58E5732E47CE9B007974B4 /* guided_mvs.py */ = {isa = PBXFileReference; lastKnownFileType = text.script.python; path = guided_mvs.py; sourceTree = "<group>"; };
		0D58E5742E47CE9B007974B4 /* matcher.py */ = {isa = PBXFileReference; lastKnownFileType = text.script.python; path = matcher.py; sourceTree = "<group>"; };
		0D58E5752E47CE9B007974B4 /* mini_ba.py */ = {isa = PBXFileReference; lastKnownFileType = text.script.python; path = mini_ba.py; sourceTree = "<group>"; };
		0D58E5762E47CE9B007974B4 /* pose_initializer.py */ = {isa = PBXFileReference; lastKnownFileType = text.script.python; path = pose_initializer.py; sourceTree = "<group>"; };
		0D58E5772E47CE9B007974B4 /* ransac.cu */ = {isa = PBXFileReference; lastKnownFileType = text; path = ransac.cu; sourceTree = "<group>"; };
		0D58E5782E47CE9B007974B4 /* ransac.py */ = {isa = PBXFileReference; lastKnownFileType = text.script.python; path = ransac.py; sourceTree = "<group>"; };
		0D58E5792E47CE9B007974B4 /* triangulator.py */ = {isa = PBXFileReference; lastKnownFileType = text.script.python; path = triangulator.py; sourceTree = "<group>"; };
		0D58E57B2E47CE9B007974B4 /* anchor.cpython-312.pyc */ = {isa = PBXFileReference; lastKnownFileType = file; path = "anchor.cpython-312.pyc"; sourceTree = "<group>"; };
		0D58E57C2E47CE9B007974B4 /* dense_extractor.cpython-312.pyc */ = {isa = PBXFileReference; lastKnownFileType = file; path = "dense_extractor.cpython-312.pyc"; sourceTree = "<group>"; };
		0D58E57D2E47CE9B007974B4 /* extractor_model.cpython-312.pyc */ = {isa = PBXFileReference; lastKnownFileType = file; path = "extractor_model.cpython-312.pyc"; sourceTree = "<group>"; };
		0D58E57E2E47CE9B007974B4 /* keyframe.cpython-312.pyc */ = {isa = PBXFileReference; lastKnownFileType = file; path = "keyframe.cpython-312.pyc"; sourceTree = "<group>"; };
		0D58E57F2E47CE9B007974B4 /* mono_depth.cpython-312.pyc */ = {isa = PBXFileReference; lastKnownFileType = file; path = "mono_depth.cpython-312.pyc"; sourceTree = "<group>"; };
		0D58E5802E47CE9B007974B4 /* optimizers.cpython-312.pyc */ = {isa = PBXFileReference; lastKnownFileType = file; path = "optimizers.cpython-312.pyc"; sourceTree = "<group>"; };
		0D58E5812E47CE9B007974B4 /* scene_model.cpython-312.pyc */ = {isa = PBXFileReference; lastKnownFileType = file; path = "scene_model.cpython-312.pyc"; sourceTree = "<group>"; };
		0D58E5832E47CE9B007974B4 /* anchor.py */ = {isa = PBXFileReference; lastKnownFileType = text.script.python; path = anchor.py; sourceTree = "<group>"; };
		0D58E5842E47CE9B007974B4 /* dense_extractor.py */ = {isa = PBXFileReference; lastKnownFileType = text.script.python; path = dense_extractor.py; sourceTree = "<group>"; };
		0D58E5852E47CE9B007974B4 /* extractor_model.py */ = {isa = PBXFileReference; lastKnownFileType = text.script.python; path = extractor_model.py; sourceTree = "<group>"; };
		0D58E5862E47CE9B007974B4 /* keyframe.py */ = {isa = PBXFileReference; lastKnownFileType = text.script.python; path = keyframe.py; sourceTree = "<group>"; };
		0D58E5872E47CE9B007974B4 /* mono_depth.py */ = {isa = PBXFileReference; lastKnownFileType = text.script.python; path = mono_depth.py; sourceTree = "<group>"; };
		0D58E5882E47CE9B007974B4 /* optimizers.py */ = {isa = PBXFileReference; lastKnownFileType = text.script.python; path = optimizers.py; sourceTree = "<group>"; };
		0D58E5892E47CE9B007974B4 /* scene_model.py */ = {isa = PBXFileReference; lastKnownFileType = text.script.python; path = scene_model.py; sourceTree = "<group>"; };
		0D58E58B2E47CE9B007974B4 /* train.py */ = {isa = PBXFileReference; lastKnownFileType = text.script.python; path = train.py; sourceTree = "<group>"; };
		0DDBAE7E2E499E1600074FFE /* DepthAnythingV2SmallF16.mlpackage */ = {isa = PBXFileReference; lastKnownFileType = folder.mlpackage; path = DepthAnythingV2SmallF16.mlpackage; sourceTree = "<group>"; };
		0DDBAE802E499E1600074FFE /* .gitignore */ = {isa = PBXFileReference; lastKnownFileType = text; path = .gitignore; sourceTree = "<group>"; };
		0DDBAE832E499E1600074FFE /* .gitkeep */ = {isa = PBXFileReference; lastKnownFileType = text; path = .gitkeep; sourceTree = "<group>"; };
		0DDBAE842E499E1600074FFE /* DepthAnythingV2SmallF16.mlpackage */ = {isa = PBXFileReference; lastKnownFileType = folder.mlpackage; path = DepthAnythingV2SmallF16.mlpackage; sourceTree = "<group>"; };
		0DDBAE852E499E1600074FFE /* README.md */ = {isa = PBXFileReference; lastKnownFileType = net.daringfireball.markdown; path = README.md; sourceTree = "<group>"; };
		0DDBAE872E499E1600074FFE /* DepthAnythingProcessor.swift */ = {isa = PBXFileReference; lastKnownFileType = sourcecode.swift; path = DepthAnythingProcessor.swift; sourceTree = "<group>"; };
		0DDBAE882E499E1600074FFE /* MVSController.swift */ = {isa = PBXFileReference; lastKnownFileType = sourcecode.swift; path = MVSController.swift; sourceTree = "<group>"; };
		0DDBAE892E499E1600074FFE /* MVSCpuParticle.swift */ = {isa = PBXFileReference; lastKnownFileType = sourcecode.swift; path = MVSCpuParticle.swift; sourceTree = "<group>"; };
		0DDBAE8A2E499E1600074FFE /* MVSError.swift */ = {isa = PBXFileReference; lastKnownFileType = sourcecode.swift; path = MVSError.swift; sourceTree = "<group>"; };
		0DDBAE8C2E499E1600074FFE /* MVSParticle.swift */ = {isa = PBXFileReference; lastKnownFileType = sourcecode.swift; path = MVSParticle.swift; sourceTree = "<group>"; };
		0DDBAE8D2E499E1600074FFE /* MVSRenderer.swift */ = {isa = PBXFileReference; lastKnownFileType = sourcecode.swift; path = MVSRenderer.swift; sourceTree = "<group>"; };
		0DDBAE8E2E499E1600074FFE /* MVSShaders.metal */ = {isa = PBXFileReference; lastKnownFileType = sourcecode.metal; path = MVSShaders.metal; sourceTree = "<group>"; };
		0DDBAE8F2E499E1600074FFE /* MVSShaderTypes.h */ = {isa = PBXFileReference; lastKnownFileType = sourcecode.c.h; path = MVSShaderTypes.h; sourceTree = "<group>"; };
		0DDBAEA42E499E1600074FFE /* CpuParticle.swift */ = {isa = PBXFileReference; lastKnownFileType = sourcecode.swift; path = CpuParticle.swift; sourceTree = "<group>"; };
		0DDBAEA52E499E1600074FFE /* ExportController.swift */ = {isa = PBXFileReference; lastKnownFileType = sourcecode.swift; path = ExportController.swift; sourceTree = "<group>"; };
		0DDBAEA62E499E1600074FFE /* Helpers.swift */ = {isa = PBXFileReference; lastKnownFileType = sourcecode.swift; path = Helpers.swift; sourceTree = "<group>"; };
		0DDBAEA72E499E1600074FFE /* MainController.swift */ = {isa = PBXFileReference; lastKnownFileType = sourcecode.swift; path = MainController.swift; sourceTree = "<group>"; };
		0DDBAEA82E499E1600074FFE /* MetalBuffer.swift */ = {isa = PBXFileReference; lastKnownFileType = sourcecode.swift; path = MetalBuffer.swift; sourceTree = "<group>"; };
		0DDBAEA92E499E1600074FFE /* PLYFile.swift */ = {isa = PBXFileReference; lastKnownFileType = sourcecode.swift; path = PLYFile.swift; sourceTree = "<group>"; };
		0DDBAEAA2E499E1600074FFE /* Renderer.swift */ = {isa = PBXFileReference; lastKnownFileType = sourcecode.swift; path = Renderer.swift; sourceTree = "<group>"; };
		0DDBAEAB2E499E1600074FFE /* SaveController.swift */ = {isa = PBXFileReference; lastKnownFileType = sourcecode.swift; path = SaveController.swift; sourceTree = "<group>"; };
		0DDBAEAC2E499E1600074FFE /* Shaders.metal */ = {isa = PBXFileReference; lastKnownFileType = sourcecode.metal; path = Shaders.metal; sourceTree = "<group>"; };
		0DDBAEAD2E499E1600074FFE /* ShaderTypes.h */ = {isa = PBXFileReference; lastKnownFileType = sourcecode.c.h; path = ShaderTypes.h; sourceTree = "<group>"; };
		0DDBAEAE2E499E1600074FFE /* XError.swift */ = {isa = PBXFileReference; lastKnownFileType = sourcecode.swift; path = XError.swift; sourceTree = "<group>"; };
		0DDBAEB02E499E1600074FFE /* AppDelegate.swift */ = {isa = PBXFileReference; lastKnownFileType = sourcecode.swift; path = AppDelegate.swift; sourceTree = "<group>"; };
		0DDBAEB12E499E1600074FFE /* Assets.xcassets */ = {isa = PBXFileReference; lastKnownFileType = folder.assetcatalog; path = Assets.xcassets; sourceTree = "<group>"; };
		0DDBAEB22E499E1600074FFE /* Info.plist */ = {isa = PBXFileReference; lastKnownFileType = text.plist.xml; path = Info.plist; sourceTree = "<group>"; };
		0DDBAEB32E499E1600074FFE /* Base */ = {isa = PBXFileReference; lastKnownFileType = file.storyboard; name = Base; path = Base.lproj/LaunchScreen.storyboard; sourceTree = "<group>"; };
		0DDBAEB52E499E1600074FFE /* Base */ = {isa = PBXFileReference; lastKnownFileType = file.storyboard; name = Base; path = Base.lproj/Main.storyboard; sourceTree = "<group>"; };
		0DDBAEB72E499E1600074FFE /* OptionSelectionController.swift */ = {isa = PBXFileReference; lastKnownFileType = sourcecode.swift; path = OptionSelectionController.swift; sourceTree = "<group>"; };
		0DDBAEB82E499E1600074FFE /* SceneDepthPointCloud-Bridging-Header.h */ = {isa = PBXFileReference; lastKnownFileType = sourcecode.c.h; path = "SceneDepthPointCloud-Bridging-Header.h"; sourceTree = "<group>"; };
		0DDBAED32E49AE2C00074FFE /* MVSCompat.swift */ = {isa = PBXFileReference; lastKnownFileType = sourcecode.swift; path = MVSCompat.swift; sourceTree = "<group>"; };
		0DDBAED52E49C75100074FFE /* MVSRenderDestinationProvider.swift */ = {isa = PBXFileReference; lastKnownFileType = sourcecode.swift; path = MVSRenderDestinationProvider.swift; sourceTree = "<group>"; };
		948146554F46E56B015690CC /* SampleCode.xcconfig */ = {isa = PBXFileReference; lastKnownFileType = text.xcconfig; name = SampleCode.xcconfig; path = Configuration/SampleCode.xcconfig; sourceTree = "<group>"; };
		B57D60B9736905755DECF7CE /* README.md */ = {isa = PBXFileReference; lastKnownFileType = net.daringfireball.markdown; path = README.md; sourceTree = SOURCE_ROOT; };
		E73DD12D24636FEF00D77039 /* Point Cloud.app */ = {isa = PBXFileReference; explicitFileType = wrapper.application; includeInIndex = 0; path = "Point Cloud.app"; sourceTree = BUILT_PRODUCTS_DIR; };
		E7E2ED6F1473F1FD1E9543FA /* LICENSE.txt */ = {isa = PBXFileReference; includeInIndex = 1; lastKnownFileType = text; path = LICENSE.txt; sourceTree = "<group>"; };
/* End PBXFileReference section */

/* Begin PBXFrameworksBuildPhase section */
		E73DD12A24636FEF00D77039 /* Frameworks */ = {
			isa = PBXFrameworksBuildPhase;
			buildActionMask = 2147483647;
			files = (
			);
			runOnlyForDeploymentPostprocessing = 0;
		};
/* End PBXFrameworksBuildPhase section */

/* Begin PBXGroup section */
		0D58E56F2E47CE9B007974B4 /* __pycache__ */ = {
			isa = PBXGroup;
			children = (
				0D58E5682E47CE9B007974B4 /* feature_detector.cpython-312.pyc */,
				0D58E5692E47CE9B007974B4 /* guided_mvs.cpython-312.pyc */,
				0D58E56A2E47CE9B007974B4 /* matcher.cpython-312.pyc */,
				0D58E56B2E47CE9B007974B4 /* mini_ba.cpython-312.pyc */,
				0D58E56C2E47CE9B007974B4 /* pose_initializer.cpython-312.pyc */,
				0D58E56D2E47CE9B007974B4 /* ransac.cpython-312.pyc */,
				0D58E56E2E47CE9B007974B4 /* triangulator.cpython-312.pyc */,
			);
			path = __pycache__;
			sourceTree = "<group>";
		};
		0D58E57A2E47CE9B007974B4 /* poses */ = {
			isa = PBXGroup;
			children = (
				0D58E56F2E47CE9B007974B4 /* __pycache__ */,
				0D58E5702E47CE9B007974B4 /* cuda_utils.cuh */,
				0D58E5712E47CE9B007974B4 /* feature_detector.py */,
				0D58E5722E47CE9B007974B4 /* guided_mvs.cu */,
				0D58E5732E47CE9B007974B4 /* guided_mvs.py */,
				0D58E5742E47CE9B007974B4 /* matcher.py */,
				0D58E5752E47CE9B007974B4 /* mini_ba.py */,
				0D58E5762E47CE9B007974B4 /* pose_initializer.py */,
				0D58E5772E47CE9B007974B4 /* ransac.cu */,
				0D58E5782E47CE9B007974B4 /* ransac.py */,
				0D58E5792E47CE9B007974B4 /* triangulator.py */,
			);
			path = poses;
			sourceTree = "<group>";
		};
		0D58E5822E47CE9B007974B4 /* __pycache__ */ = {
			isa = PBXGroup;
			children = (
				0D58E57B2E47CE9B007974B4 /* anchor.cpython-312.pyc */,
				0D58E57C2E47CE9B007974B4 /* dense_extractor.cpython-312.pyc */,
				0D58E57D2E47CE9B007974B4 /* extractor_model.cpython-312.pyc */,
				0D58E57E2E47CE9B007974B4 /* keyframe.cpython-312.pyc */,
				0D58E57F2E47CE9B007974B4 /* mono_depth.cpython-312.pyc */,
				0D58E5802E47CE9B007974B4 /* optimizers.cpython-312.pyc */,
				0D58E5812E47CE9B007974B4 /* scene_model.cpython-312.pyc */,
			);
			path = __pycache__;
			sourceTree = "<group>";
		};
		0D58E58A2E47CE9B007974B4 /* scene */ = {
			isa = PBXGroup;
			children = (
				0D58E5822E47CE9B007974B4 /* __pycache__ */,
				0D58E5832E47CE9B007974B4 /* anchor.py */,
				0D58E5842E47CE9B007974B4 /* dense_extractor.py */,
				0D58E5852E47CE9B007974B4 /* extractor_model.py */,
				0D58E5862E47CE9B007974B4 /* keyframe.py */,
				0D58E5872E47CE9B007974B4 /* mono_depth.py */,
				0D58E5882E47CE9B007974B4 /* optimizers.py */,
				0D58E5892E47CE9B007974B4 /* scene_model.py */,
			);
			path = scene;
			sourceTree = "<group>";
		};
		0D58E58C2E47CE9B007974B4 /* reference */ = {
			isa = PBXGroup;
			children = (
				0D58E57A2E47CE9B007974B4 /* poses */,
				0D58E58A2E47CE9B007974B4 /* scene */,
				0D58E58B2E47CE9B007974B4 /* train.py */,
			);
			path = reference;
			sourceTree = SOURCE_ROOT;
		};
		0DDBAE7F2E499E1600074FFE /* download */ = {
			isa = PBXGroup;
			children = (
				0DDBAE7E2E499E1600074FFE /* DepthAnythingV2SmallF16.mlpackage */,
			);
			path = download;
			sourceTree = "<group>";
		};
		0DDBAE812E499E1600074FFE /* huggingface */ = {
			isa = PBXGroup;
			children = (
				0DDBAE7F2E499E1600074FFE /* download */,
				0DDBAE802E499E1600074FFE /* .gitignore */,
			);
			path = huggingface;
			sourceTree = "<group>";
		};
		0DDBAE822E499E1600074FFE /* .cache */ = {
			isa = PBXGroup;
			children = (
				0DDBAE812E499E1600074FFE /* huggingface */,
			);
			path = .cache;
			sourceTree = "<group>";
		};
		0DDBAE862E499E1600074FFE /* Models */ = {
			isa = PBXGroup;
			children = (
				0DDBAE822E499E1600074FFE /* .cache */,
				0DDBAE832E499E1600074FFE /* .gitkeep */,
				0DDBAE842E499E1600074FFE /* DepthAnythingV2SmallF16.mlpackage */,
				0DDBAE852E499E1600074FFE /* README.md */,
			);
			path = Models;
			sourceTree = "<group>";
		};
		0DDBAE902E499E1600074FFE /* Depth MVS */ = {
			isa = PBXGroup;
			children = (
				0DDBAE862E499E1600074FFE /* Models */,
				0DDBAE872E499E1600074FFE /* DepthAnythingProcessor.swift */,
				0DDBAE882E499E1600074FFE /* MVSController.swift */,
				0DDBAED32E49AE2C00074FFE /* MVSCompat.swift */,
				0DDBAE892E499E1600074FFE /* MVSCpuParticle.swift */,
				0DDBAE8A2E499E1600074FFE /* MVSError.swift */,
				0DDBAE8C2E499E1600074FFE /* MVSParticle.swift */,
				0DDBAE8D2E499E1600074FFE /* MVSRenderer.swift */,
				0DDBAED52E49C75100074FFE /* MVSRenderDestinationProvider.swift */,
				0DDBAE8E2E499E1600074FFE /* MVSShaders.metal */,
				0DDBAE8F2E499E1600074FFE /* MVSShaderTypes.h */,
			);
			path = "Depth MVS";
			sourceTree = "<group>";
		};
		0DDBAEAF2E499E1600074FFE /* LiDAR Scanner */ = {
			isa = PBXGroup;
			children = (
				0DDBAEA42E499E1600074FFE /* CpuParticle.swift */,
				0DDBAEA52E499E1600074FFE /* ExportController.swift */,
				0DDBAEA62E499E1600074FFE /* Helpers.swift */,
				0DDBAEA72E499E1600074FFE /* MainController.swift */,
				0DDBAEA82E499E1600074FFE /* MetalBuffer.swift */,
				0DDBAEA92E499E1600074FFE /* PLYFile.swift */,
				0DDBAEAA2E499E1600074FFE /* Renderer.swift */,
				0DDBAEAB2E499E1600074FFE /* SaveController.swift */,
				0DDBAEAC2E499E1600074FFE /* Shaders.metal */,
				0DDBAEAD2E499E1600074FFE /* ShaderTypes.h */,
				0DDBAEAE2E499E1600074FFE /* XError.swift */,
			);
			path = "LiDAR Scanner";
			sourceTree = "<group>";
		};
		0DDBAEB92E499E1600074FFE /* SceneDepthPointCloud */ = {
			isa = PBXGroup;
			children = (
				0DDBAE902E499E1600074FFE /* Depth MVS */,
				0DDBAEAF2E499E1600074FFE /* LiDAR Scanner */,
				0DDBAEB02E499E1600074FFE /* AppDelegate.swift */,
				0DDBAEB12E499E1600074FFE /* Assets.xcassets */,
				0DDBAEB22E499E1600074FFE /* Info.plist */,
				0DDBAEB42E499E1600074FFE /* LaunchScreen.storyboard */,
				0DDBAEB62E499E1600074FFE /* Main.storyboard */,
				0DDBAEB72E499E1600074FFE /* OptionSelectionController.swift */,
				0DDBAEB82E499E1600074FFE /* SceneDepthPointCloud-Bridging-Header.h */,
			);
			path = SceneDepthPointCloud;
			sourceTree = "<group>";
		};
		A6415A999BE1C768F18B2649 /* Configuration */ = {
			isa = PBXGroup;
			children = (
				948146554F46E56B015690CC /* SampleCode.xcconfig */,
			);
			name = Configuration;
			sourceTree = SOURCE_ROOT;
		};
		BF2DD93DB9836723DA6BED14 /* LICENSE */ = {
			isa = PBXGroup;
			children = (
				E7E2ED6F1473F1FD1E9543FA /* LICENSE.txt */,
			);
			path = LICENSE;
			sourceTree = SOURCE_ROOT;
		};
		E73DD12424636FEF00D77039 = {
			isa = PBXGroup;
			children = (
				B57D60B9736905755DECF7CE /* README.md */,
				E73DD12E24636FEF00D77039 /* Products */,
				A6415A999BE1C768F18B2649 /* Configuration */,
				BF2DD93DB9836723DA6BED14 /* LICENSE */,
				0D58E58C2E47CE9B007974B4 /* reference */,
				0DDBAEB92E499E1600074FFE /* SceneDepthPointCloud */,
			);
			sourceTree = "<group>";
		};
		E73DD12E24636FEF00D77039 /* Products */ = {
			isa = PBXGroup;
			children = (
				E73DD12D24636FEF00D77039 /* Point Cloud.app */,
			);
			name = Products;
			sourceTree = SOURCE_ROOT;
		};
/* End PBXGroup section */

/* Begin PBXNativeTarget section */
		E73DD12C24636FEF00D77039 /* SceneDepthPointCloud */ = {
			isa = PBXNativeTarget;
			buildConfigurationList = E73DD14524636FF100D77039 /* Build configuration list for PBXNativeTarget "SceneDepthPointCloud" */;
			buildPhases = (
				E73DD12924636FEF00D77039 /* Sources */,
				E73DD12A24636FEF00D77039 /* Frameworks */,
				E73DD12B24636FEF00D77039 /* Resources */,
			);
			buildRules = (
			);
			dependencies = (
			);
			name = SceneDepthPointCloud;
			productName = SceneDepthDemo;
			productReference = E73DD12D24636FEF00D77039 /* Point Cloud.app */;
			productType = "com.apple.product-type.application";
		};
/* End PBXNativeTarget section */

/* Begin PBXProject section */
		E73DD12524636FEF00D77039 /* Project object */ = {
			isa = PBXProject;
			attributes = {
				BuildIndependentTargetsInParallel = YES;
				LastSwiftUpdateCheck = 1140;
				LastUpgradeCheck = 1640;
				ORGANIZATIONNAME = Apple;
				TargetAttributes = {
					E73DD12C24636FEF00D77039 = {
						CreatedOnToolsVersion = 11.4;
					};
				};
			};
			buildConfigurationList = E73DD12824636FEF00D77039 /* Build configuration list for PBXProject "SceneDepthPointCloud" */;
			compatibilityVersion = "Xcode 9.3";
			developmentRegion = en;
			hasScannedForEncodings = 0;
			knownRegions = (
				en,
				Base,
			);
			mainGroup = E73DD12424636FEF00D77039;
			productRefGroup = E73DD12E24636FEF00D77039 /* Products */;
			projectDirPath = "";
			projectRoot = "";
			targets = (
				E73DD12C24636FEF00D77039 /* SceneDepthPointCloud */,
			);
		};
/* End PBXProject section */

/* Begin PBXResourcesBuildPhase section */
		E73DD12B24636FEF00D77039 /* Resources */ = {
			isa = PBXResourcesBuildPhase;
			buildActionMask = 2147483647;
			files = (
				0DDBAEC72E499E9900074FFE /* LaunchScreen.storyboard in Resources */,
				0DDBAEC82E499E9900074FFE /* Main.storyboard in Resources */,
			);
			runOnlyForDeploymentPostprocessing = 0;
		};
/* End PBXResourcesBuildPhase section */

/* Begin PBXSourcesBuildPhase section */
		E73DD12924636FEF00D77039 /* Sources */ = {
			isa = PBXSourcesBuildPhase;
			buildActionMask = 2147483647;
			files = (
				0DDBAEBA2E499E8E00074FFE /* CpuParticle.swift in Sources */,
				0DDBAED62E49C75800074FFE /* MVSRenderDestinationProvider.swift in Sources */,
				0DDBAEBB2E499E8E00074FFE /* ExportController.swift in Sources */,
				0DDBAED42E49AE3500074FFE /* MVSCompat.swift in Sources */,
				0DDBAEBC2E499E8E00074FFE /* Helpers.swift in Sources */,
				0DDBAECA2E49A39000074FFE /* DepthAnythingV2SmallF16.mlpackage in Sources */,
				0DDBAEBD2E499E8E00074FFE /* MainController.swift in Sources */,
				0DDBAEBE2E499E8E00074FFE /* MetalBuffer.swift in Sources */,
				0DDBAEBF2E499E8E00074FFE /* PLYFile.swift in Sources */,
				0DDBAEC92E49A37500074FFE /* MVSController.swift in Sources */,
				0DDBAEC02E499E8E00074FFE /* Renderer.swift in Sources */,
				0DDBAEC12E499E8E00074FFE /* SaveController.swift in Sources */,
				0DDBAECB2E49A39900074FFE /* MVSParticle.swift in Sources */,
				0DDBAECD2E49A39900074FFE /* MVSShaders.metal in Sources */,
				0DDBAECF2E49A39900074FFE /* MVSRenderer.swift in Sources */,
				0DDBAED02E49A39900074FFE /* MVSError.swift in Sources */,
				0DDBAED12E49A39900074FFE /* DepthAnythingProcessor.swift in Sources */,
				0DDBAEC22E499E8E00074FFE /* Shaders.metal in Sources */,
				0DDBAED22E49AB9300074FFE /* MVSCpuParticle.swift in Sources */,
				0DDBAEC32E499E8E00074FFE /* ShaderTypes.h in Sources */,
				0DDBAEC42E499E8E00074FFE /* XError.swift in Sources */,
				0DDBAEC52E499E8E00074FFE /* AppDelegate.swift in Sources */,
				0DDBAEC62E499E8E00074FFE /* OptionSelectionController.swift in Sources */,
			);
			runOnlyForDeploymentPostprocessing = 0;
		};
/* End PBXSourcesBuildPhase section */

/* Begin PBXVariantGroup section */
		0DDBAEB42E499E1600074FFE /* LaunchScreen.storyboard */ = {
			isa = PBXVariantGroup;
			children = (
				0DDBAEB32E499E1600074FFE /* Base */,
			);
			name = LaunchScreen.storyboard;
			sourceTree = "<group>";
		};
		0DDBAEB62E499E1600074FFE /* Main.storyboard */ = {
			isa = PBXVariantGroup;
			children = (
				0DDBAEB52E499E1600074FFE /* Base */,
			);
			name = Main.storyboard;
			sourceTree = "<group>";
		};
/* End PBXVariantGroup section */

/* Begin XCBuildConfiguration section */
		E73DD14324636FF100D77039 /* Debug */ = {
			isa = XCBuildConfiguration;
			baseConfigurationReference = 948146554F46E56B015690CC /* SampleCode.xcconfig */;
			buildSettings = {
				ALWAYS_SEARCH_USER_PATHS = NO;
				CLANG_ANALYZER_NONNULL = YES;
				CLANG_ANALYZER_NUMBER_OBJECT_CONVERSION = YES_AGGRESSIVE;
				CLANG_CXX_LANGUAGE_STANDARD = "gnu++14";
				CLANG_CXX_LIBRARY = "libc++";
				CLANG_ENABLE_MODULES = YES;
				CLANG_ENABLE_OBJC_ARC = YES;
				CLANG_ENABLE_OBJC_WEAK = YES;
				CLANG_WARN_BLOCK_CAPTURE_AUTORELEASING = YES;
				CLANG_WARN_BOOL_CONVERSION = YES;
				CLANG_WARN_COMMA = YES;
				CLANG_WARN_CONSTANT_CONVERSION = YES;
				CLANG_WARN_DEPRECATED_OBJC_IMPLEMENTATIONS = YES;
				CLANG_WARN_DIRECT_OBJC_ISA_USAGE = YES_ERROR;
				CLANG_WARN_DOCUMENTATION_COMMENTS = YES;
				CLANG_WARN_EMPTY_BODY = YES;
				CLANG_WARN_ENUM_CONVERSION = YES;
				CLANG_WARN_INFINITE_RECURSION = YES;
				CLANG_WARN_INT_CONVERSION = YES;
				CLANG_WARN_NON_LITERAL_NULL_CONVERSION = YES;
				CLANG_WARN_OBJC_IMPLICIT_RETAIN_SELF = YES;
				CLANG_WARN_OBJC_LITERAL_CONVERSION = YES;
				CLANG_WARN_OBJC_ROOT_CLASS = YES_ERROR;
				CLANG_WARN_QUOTED_INCLUDE_IN_FRAMEWORK_HEADER = YES;
				CLANG_WARN_RANGE_LOOP_ANALYSIS = YES;
				CLANG_WARN_STRICT_PROTOTYPES = YES;
				CLANG_WARN_SUSPICIOUS_MOVE = YES;
				CLANG_WARN_UNGUARDED_AVAILABILITY = YES_AGGRESSIVE;
				CLANG_WARN_UNREACHABLE_CODE = YES;
				CLANG_WARN__DUPLICATE_METHOD_MATCH = YES;
				CODE_SIGN_STYLE = Automatic;
				COPY_PHASE_STRIP = NO;
				DEBUG_INFORMATION_FORMAT = dwarf;
				DEVELOPMENT_TEAM = HH93KV3TST;
				ENABLE_STRICT_OBJC_MSGSEND = YES;
				ENABLE_TESTABILITY = YES;
				ENABLE_USER_SCRIPT_SANDBOXING = YES;
				GCC_C_LANGUAGE_STANDARD = gnu11;
				GCC_DYNAMIC_NO_PIC = NO;
				GCC_NO_COMMON_BLOCKS = YES;
				GCC_OPTIMIZATION_LEVEL = 0;
				GCC_PREPROCESSOR_DEFINITIONS = (
					"DEBUG=1",
					"$(inherited)",
				);
				GCC_WARN_64_TO_32_BIT_CONVERSION = YES;
				GCC_WARN_ABOUT_RETURN_TYPE = YES_ERROR;
				GCC_WARN_UNDECLARED_SELECTOR = YES;
				GCC_WARN_UNINITIALIZED_AUTOS = YES_AGGRESSIVE;
				GCC_WARN_UNUSED_FUNCTION = YES;
				GCC_WARN_UNUSED_VARIABLE = YES;
				GENERATE_INFOPLIST_FILE = YES;
				IPHONEOS_DEPLOYMENT_TARGET = 17.6;
				MTL_ENABLE_DEBUG_INFO = INCLUDE_SOURCE;
				MTL_FAST_MATH = YES;
				ONLY_ACTIVE_ARCH = YES;
				SDKROOT = iphoneos.internal;
				SWIFT_ACTIVE_COMPILATION_CONDITIONS = DEBUG;
				SWIFT_OPTIMIZATION_LEVEL = "-Onone";
			};
			name = Debug;
		};
		E73DD14424636FF100D77039 /* Release */ = {
			isa = XCBuildConfiguration;
			baseConfigurationReference = 948146554F46E56B015690CC /* SampleCode.xcconfig */;
			buildSettings = {
				ALWAYS_SEARCH_USER_PATHS = NO;
				CLANG_ANALYZER_NONNULL = YES;
				CLANG_ANALYZER_NUMBER_OBJECT_CONVERSION = YES_AGGRESSIVE;
				CLANG_CXX_LANGUAGE_STANDARD = "gnu++14";
				CLANG_CXX_LIBRARY = "libc++";
				CLANG_ENABLE_MODULES = YES;
				CLANG_ENABLE_OBJC_ARC = YES;
				CLANG_ENABLE_OBJC_WEAK = YES;
				CLANG_WARN_BLOCK_CAPTURE_AUTORELEASING = YES;
				CLANG_WARN_BOOL_CONVERSION = YES;
				CLANG_WARN_COMMA = YES;
				CLANG_WARN_CONSTANT_CONVERSION = YES;
				CLANG_WARN_DEPRECATED_OBJC_IMPLEMENTATIONS = YES;
				CLANG_WARN_DIRECT_OBJC_ISA_USAGE = YES_ERROR;
				CLANG_WARN_DOCUMENTATION_COMMENTS = YES;
				CLANG_WARN_EMPTY_BODY = YES;
				CLANG_WARN_ENUM_CONVERSION = YES;
				CLANG_WARN_INFINITE_RECURSION = YES;
				CLANG_WARN_INT_CONVERSION = YES;
				CLANG_WARN_NON_LITERAL_NULL_CONVERSION = YES;
				CLANG_WARN_OBJC_IMPLICIT_RETAIN_SELF = YES;
				CLANG_WARN_OBJC_LITERAL_CONVERSION = YES;
				CLANG_WARN_OBJC_ROOT_CLASS = YES_ERROR;
				CLANG_WARN_QUOTED_INCLUDE_IN_FRAMEWORK_HEADER = YES;
				CLANG_WARN_RANGE_LOOP_ANALYSIS = YES;
				CLANG_WARN_STRICT_PROTOTYPES = YES;
				CLANG_WARN_SUSPICIOUS_MOVE = YES;
				CLANG_WARN_UNGUARDED_AVAILABILITY = YES_AGGRESSIVE;
				CLANG_WARN_UNREACHABLE_CODE = YES;
				CLANG_WARN__DUPLICATE_METHOD_MATCH = YES;
				CODE_SIGN_STYLE = Automatic;
				COPY_PHASE_STRIP = NO;
				DEBUG_INFORMATION_FORMAT = "dwarf-with-dsym";
				DEVELOPMENT_TEAM = HH93KV3TST;
				ENABLE_NS_ASSERTIONS = NO;
				ENABLE_STRICT_OBJC_MSGSEND = YES;
				ENABLE_USER_SCRIPT_SANDBOXING = YES;
				GCC_C_LANGUAGE_STANDARD = gnu11;
				GCC_NO_COMMON_BLOCKS = YES;
				GCC_WARN_64_TO_32_BIT_CONVERSION = YES;
				GCC_WARN_ABOUT_RETURN_TYPE = YES_ERROR;
				GCC_WARN_UNDECLARED_SELECTOR = YES;
				GCC_WARN_UNINITIALIZED_AUTOS = YES_AGGRESSIVE;
				GCC_WARN_UNUSED_FUNCTION = YES;
				GCC_WARN_UNUSED_VARIABLE = YES;
				GENERATE_INFOPLIST_FILE = YES;
				IPHONEOS_DEPLOYMENT_TARGET = 17.6;
				MTL_ENABLE_DEBUG_INFO = NO;
				MTL_FAST_MATH = YES;
				SDKROOT = iphoneos.internal;
				SWIFT_COMPILATION_MODE = wholemodule;
				SWIFT_OPTIMIZATION_LEVEL = "-O";
				VALIDATE_PRODUCT = YES;
			};
			name = Release;
		};
		E73DD14624636FF100D77039 /* Debug */ = {
			isa = XCBuildConfiguration;
			baseConfigurationReference = 948146554F46E56B015690CC /* SampleCode.xcconfig */;
			buildSettings = {
				ASSETCATALOG_COMPILER_APPICON_NAME = AppIcon;
				CODE_SIGN_ENTITLEMENTS = "";
				CODE_SIGN_IDENTITY = "iPhone Developer";
				CODE_SIGN_STYLE = Automatic;
				CURRENT_PROJECT_VERSION = 1;
				INFOPLIST_FILE = SceneDepthPointCloud/Info.plist;
				IPHONEOS_DEPLOYMENT_TARGET = 17.6;
				LD_RUNPATH_SEARCH_PATHS = (
					"$(inherited)",
					"@executable_path/Frameworks",
				);
				MARKETING_VERSION = 1.0;
				PRODUCT_BUNDLE_IDENTIFIER = "com.example.apple-samplecode.SceneDepthPointCloudron";
				PRODUCT_NAME = "Point Cloud";
				PROVISIONING_PROFILE_SPECIFIER = "";
				SDKROOT = iphoneos;
				SWIFT_OBJC_BRIDGING_HEADER = "SceneDepthPointCloud/SceneDepthPointCloud-Bridging-Header.h";
				SWIFT_VERSION = 5.0;
				TARGETED_DEVICE_FAMILY = "1,2";
			};
			name = Debug;
		};
		E73DD14724636FF100D77039 /* Release */ = {
			isa = XCBuildConfiguration;
			baseConfigurationReference = 948146554F46E56B015690CC /* SampleCode.xcconfig */;
			buildSettings = {
				ASSETCATALOG_COMPILER_APPICON_NAME = AppIcon;
				CODE_SIGN_ENTITLEMENTS = "";
				CODE_SIGN_IDENTITY = "iPhone Developer";
				CODE_SIGN_STYLE = Automatic;
				CURRENT_PROJECT_VERSION = 1;
				INFOPLIST_FILE = SceneDepthPointCloud/Info.plist;
				IPHONEOS_DEPLOYMENT_TARGET = 17.6;
				LD_RUNPATH_SEARCH_PATHS = (
					"$(inherited)",
					"@executable_path/Frameworks",
				);
				MARKETING_VERSION = 1.0;
				PRODUCT_BUNDLE_IDENTIFIER = "com.example.apple-samplecode.SceneDepthPointCloudron";
				PRODUCT_NAME = "Point Cloud";
				PROVISIONING_PROFILE_SPECIFIER = "";
				SDKROOT = iphoneos;
				SWIFT_OBJC_BRIDGING_HEADER = "SceneDepthPointCloud/SceneDepthPointCloud-Bridging-Header.h";
				SWIFT_VERSION = 5.0;
				TARGETED_DEVICE_FAMILY = "1,2";
			};
			name = Release;
		};
/* End XCBuildConfiguration section */

/* Begin XCConfigurationList section */
		E73DD12824636FEF00D77039 /* Build configuration list for PBXProject "SceneDepthPointCloud" */ = {
			isa = XCConfigurationList;
			buildConfigurations = (
				E73DD14324636FF100D77039 /* Debug */,
				E73DD14424636FF100D77039 /* Release */,
			);
			defaultConfigurationIsVisible = 0;
			defaultConfigurationName = Release;
		};
		E73DD14524636FF100D77039 /* Build configuration list for PBXNativeTarget "SceneDepthPointCloud" */ = {
			isa = XCConfigurationList;
			buildConfigurations = (
				E73DD14624636FF100D77039 /* Debug */,
				E73DD14724636FF100D77039 /* Release */,
			);
			defaultConfigurationIsVisible = 0;
			defaultConfigurationName = Release;
		};
/* End XCConfigurationList section */
	};
	rootObject = E73DD12524636FEF00D77039 /* Project object */;
}
